
Microsoft Visual Studio Solution File, Format Version 12.00
# Visual Studio Version 17
VisualStudioVersion = 17.5.33516.290
MinimumVisualStudioVersion = 10.0.40219.1
Project("{9A19103F-16F7-4668-BE54-9A1E7A4F7556}") = "ProdAndServManagement", "ProdAndServManagement\ProdAndServManagement.csproj", "{D88EA69F-9709-4C6A-9CFF-8D274EE8B353}"
EndProject
Project("{9A19103F-16F7-4668-BE54-9A1E7A4F7556}") = "ProdAndServManagementWPF", "ProdAndServManagementWPF\ProdAndServManagementWPF.csproj", "{DFC74EBD-C54B-47B3-BCAF-4C61AFBD240E}"
EndProject
Global
	GlobalSection(SolutionConfigurationPlatforms) = preSolution
		Debug|Any CPU = Debug|Any CPU
		Release|Any CPU = Release|Any CPU
	EndGlobalSection
	GlobalSection(ProjectConfigurationPlatforms) = postSolution
		{D88EA69F-9709-4C6A-9CFF-8D274EE8B353}.Debug|Any CPU.ActiveCfg = Debug|Any CPU
		{D88EA69F-9709-4C6A-9CFF-8D274EE8B353}.Debug|Any CPU.Build.0 = Debug|Any CPU
		{D88EA69F-9709-4C6A-9CFF-8D274EE8B353}.Release|Any CPU.ActiveCfg = Release|Any CPU
		{D88EA69F-9709-4C6A-9CFF-8D274EE8B353}.Release|Any CPU.Build.0 = Release|Any CPU
		{DFC74EBD-C54B-47B3-BCAF-4C61AFBD240E}.Debug|Any CPU.ActiveCfg = Debug|Any CPU
		{DFC74EBD-C54B-47B3-BCAF-4C61AFBD240E}.Debug|Any CPU.Build.0 = Debug|Any CPU
		{DFC74EBD-C54B-47B3-BCAF-4C61AFBD240E}.Release|Any CPU.ActiveCfg = Release|Any CPU
		{DFC74EBD-C54B-47B3-BCAF-4C61AFBD240E}.Release|Any CPU.Build.0 = Release|Any CPU
	EndGlobalSection
	GlobalSection(SolutionProperties) = preSolution
		HideSolutionNode = FALSE
	EndGlobalSection
	GlobalSection(ExtensibilityGlobals) = postSolution
		SolutionGuid = {712D541A-18A4-45CC-91F6-63F9F2201286}
	EndGlobalSection
EndGlobal
